{
  "version": 4,
  "terraform_version": "1.0.5",
  "serial": 6,
  "lineage": "193e38f8-4a5f-b000-832c-b21c8145a64a",
  "outputs": {
    "arn": {
      "value": "arn:aws:s3:::varun-test-terraform",
      "type": "string"
    },
    "bucket": {
      "value": "varun-test-terraform",
      "type": "string"
    },
    "tags_all": {
      "value": "Varun - this is from terraform variable",
      "type": "string"
    }
  },
  "resources": [
    {
      "mode": "managed",
      "type": "aws_s3_bucket",
      "name": "s3",
      "provider": "provider[\"registry.terraform.io/hashicorp/aws\"]",
      "instances": [
        {
          "schema_version": 0,
          "attributes": {
            "acceleration_status": "",
            "acl": "private",
            "arn": "arn:aws:s3:::varun-test-terraform",
            "bucket": "varun-test-terraform",
            "bucket_domain_name": "varun-test-terraform.s3.amazonaws.com",
            "bucket_prefix": null,
            "bucket_regional_domain_name": "varun-test-terraform.s3.us-west-2.amazonaws.com",
            "cors_rule": [],
            "force_destroy": false,
            "grant": [],
            "hosted_zone_id": "Z3BJ6K6RIION7M",
            "id": "varun-test-terraform",
            "lifecycle_rule": [],
            "logging": [],
            "object_lock_configuration": [],
            "policy": null,
            "region": "us-west-2",
            "replication_configuration": [],
            "request_payer": "BucketOwner",
            "server_side_encryption_configuration": [],
            "tags": {
              "BILLINGCODE": "GAA55014-01-01-01-0000",
              "BILLINGCONTACT": "gsarup@deloitte.com",
              "COUNTRY": "US",
              "CSCLASS": "Public",
              "CSQUAL": "Public",
              "CSTYPE": "External",
              "ENVIRONMENT": "SBX",
              "FUNCTION": "CON",
              "MEMBERFIRM": "US",
              "Name": "Varun - this is from terraform variable",
              "PRIMARYCONTACT": "gsarup@deloitte.com",
              "SECONDARYCONTACT": "ekaliner@deloitte.com"
            },
            "tags_all": {
              "BILLINGCODE": "GAA55014-01-01-01-0000",
              "BILLINGCONTACT": "gsarup@deloitte.com",
              "COUNTRY": "US",
              "CSCLASS": "Public",
              "CSQUAL": "Public",
              "CSTYPE": "External",
              "ENVIRONMENT": "SBX",
              "FUNCTION": "CON",
              "MEMBERFIRM": "US",
              "Name": "Varun - this is from terraform variable",
              "PRIMARYCONTACT": "gsarup@deloitte.com",
              "SECONDARYCONTACT": "ekaliner@deloitte.com"
            },
            "versioning": [
              {
                "enabled": false,
                "mfa_delete": false
              }
            ],
            "website": [],
            "website_domain": null,
            "website_endpoint": null
          },
          "sensitive_attributes": [],
          "private": "bnVsbA=="
        }
      ]
    }
  ]
}
